
Microsoft Visual Studio Solution File, Format Version 12.00
# Visual Studio 2013
VisualStudioVersion = 12.0.21005.1
MinimumVisualStudioVersion = 10.0.40219.1
Project("{FAE04EC0-301F-11D3-BF4B-00C04F79EFBC}") = "TicketID", "TicketID\TicketID.csproj", "{FE06768F-5086-466C-812C-EF0351317B52}"
EndProject
Project("{FAE04EC0-301F-11D3-BF4B-00C04F79EFBC}") = "CSSTable", "CSSTable\CSSTable.csproj", "{0EFA3387-AEFB-4EF0-96A3-3D5729454022}"
EndProject
Project("{FAE04EC0-301F-11D3-BF4B-00C04F79EFBC}") = "Homework3", "Homework3\Homework3.csproj", "{65C0E674-D1D6-4666-AC30-0BA9DF39E3B7}"
EndProject
Global
	GlobalSection(SolutionConfigurationPlatforms) = preSolution
		Debug|Any CPU = Debug|Any CPU
		Release|Any CPU = Release|Any CPU
	EndGlobalSection
	GlobalSection(ProjectConfigurationPlatforms) = postSolution
		{FE06768F-5086-466C-812C-EF0351317B52}.Debug|Any CPU.ActiveCfg = Debug|Any CPU
		{FE06768F-5086-466C-812C-EF0351317B52}.Debug|Any CPU.Build.0 = Debug|Any CPU
		{FE06768F-5086-466C-812C-EF0351317B52}.Release|Any CPU.ActiveCfg = Release|Any CPU
		{FE06768F-5086-466C-812C-EF0351317B52}.Release|Any CPU.Build.0 = Release|Any CPU
		{0EFA3387-AEFB-4EF0-96A3-3D5729454022}.Debug|Any CPU.ActiveCfg = Debug|Any CPU
		{0EFA3387-AEFB-4EF0-96A3-3D5729454022}.Debug|Any CPU.Build.0 = Debug|Any CPU
		{0EFA3387-AEFB-4EF0-96A3-3D5729454022}.Release|Any CPU.ActiveCfg = Release|Any CPU
		{0EFA3387-AEFB-4EF0-96A3-3D5729454022}.Release|Any CPU.Build.0 = Release|Any CPU
		{65C0E674-D1D6-4666-AC30-0BA9DF39E3B7}.Debug|Any CPU.ActiveCfg = Debug|Any CPU
		{65C0E674-D1D6-4666-AC30-0BA9DF39E3B7}.Debug|Any CPU.Build.0 = Debug|Any CPU
		{65C0E674-D1D6-4666-AC30-0BA9DF39E3B7}.Release|Any CPU.ActiveCfg = Release|Any CPU
		{65C0E674-D1D6-4666-AC30-0BA9DF39E3B7}.Release|Any CPU.Build.0 = Release|Any CPU
	EndGlobalSection
	GlobalSection(SolutionProperties) = preSolution
		HideSolutionNode = FALSE
	EndGlobalSection
EndGlobal
