
Microsoft Visual Studio Solution File, Format Version 12.00
# Visual Studio 2013
VisualStudioVersion = 12.0.21005.1
MinimumVisualStudioVersion = 10.0.40219.1
Project("{FAE04EC0-301F-11D3-BF4B-00C04F79EFBC}") = "MainProgram", "MainProgram\MainProgram.csproj", "{39733380-7847-4158-A629-A9A530B45E12}"
EndProject
Project("{FAE04EC0-301F-11D3-BF4B-00C04F79EFBC}") = "[1-4]Euclidian3DSpace", "Euclidian3DSpace\[1-4]Euclidian3DSpace.csproj", "{5282AA8C-BA45-4236-869B-3E35CE7FCE13}"
EndProject
Project("{2150E333-8FDC-42A3-9474-1A3956D46DE8}") = "[1-4]EucludianSpace", "[1-4]EucludianSpace", "{6779E668-4D25-4990-A4DB-11F7FBC3EC31}"
EndProject
Project("{2150E333-8FDC-42A3-9474-1A3956D46DE8}") = "GenericType", "GenericType", "{82610720-D328-4C42-A3B8-0FE3B71F1668}"
EndProject
Project("{FAE04EC0-301F-11D3-BF4B-00C04F79EFBC}") = "GenericType", "GenericType\GenericType.csproj", "{D65C259A-F383-48DA-B846-08BA1D1CD1DF}"
EndProject
Global
	GlobalSection(SolutionConfigurationPlatforms) = preSolution
		Debug|Any CPU = Debug|Any CPU
		Release|Any CPU = Release|Any CPU
	EndGlobalSection
	GlobalSection(ProjectConfigurationPlatforms) = postSolution
		{39733380-7847-4158-A629-A9A530B45E12}.Debug|Any CPU.ActiveCfg = Debug|Any CPU
		{39733380-7847-4158-A629-A9A530B45E12}.Debug|Any CPU.Build.0 = Debug|Any CPU
		{39733380-7847-4158-A629-A9A530B45E12}.Release|Any CPU.ActiveCfg = Release|Any CPU
		{39733380-7847-4158-A629-A9A530B45E12}.Release|Any CPU.Build.0 = Release|Any CPU
		{5282AA8C-BA45-4236-869B-3E35CE7FCE13}.Debug|Any CPU.ActiveCfg = Debug|Any CPU
		{5282AA8C-BA45-4236-869B-3E35CE7FCE13}.Debug|Any CPU.Build.0 = Debug|Any CPU
		{5282AA8C-BA45-4236-869B-3E35CE7FCE13}.Release|Any CPU.ActiveCfg = Release|Any CPU
		{5282AA8C-BA45-4236-869B-3E35CE7FCE13}.Release|Any CPU.Build.0 = Release|Any CPU
		{D65C259A-F383-48DA-B846-08BA1D1CD1DF}.Debug|Any CPU.ActiveCfg = Debug|Any CPU
		{D65C259A-F383-48DA-B846-08BA1D1CD1DF}.Debug|Any CPU.Build.0 = Debug|Any CPU
		{D65C259A-F383-48DA-B846-08BA1D1CD1DF}.Release|Any CPU.ActiveCfg = Release|Any CPU
		{D65C259A-F383-48DA-B846-08BA1D1CD1DF}.Release|Any CPU.Build.0 = Release|Any CPU
	EndGlobalSection
	GlobalSection(SolutionProperties) = preSolution
		HideSolutionNode = FALSE
	EndGlobalSection
	GlobalSection(NestedProjects) = preSolution
		{5282AA8C-BA45-4236-869B-3E35CE7FCE13} = {6779E668-4D25-4990-A4DB-11F7FBC3EC31}
		{39733380-7847-4158-A629-A9A530B45E12} = {6779E668-4D25-4990-A4DB-11F7FBC3EC31}
		{D65C259A-F383-48DA-B846-08BA1D1CD1DF} = {82610720-D328-4C42-A3B8-0FE3B71F1668}
	EndGlobalSection
EndGlobal
